{
  "object": {
    "pins": [
      {
        "package": "Alamofire",
        "repositoryURL": "https://github.com/Alamofire/Alamofire",
        "state": {
          "branch": null,
          "revision": "eaf6e622dd41b07b251d8f01752eab31bc811493",
          "version": "5.4.1"
        }
      },
      {
        "package": "Bencode",
        "repositoryURL": "https://github.com/danieltmbr/Bencode",
        "state": {
          "branch": "master",
          "revision": "e43a85dd005f72bbb448ebc6534e1ab0277f72a1",
          "version": null
        }
      }
    ]
  },
  "version": 1
}
